lockfileVersion: '9.0'

settings:
  autoInstallPeers: true
  excludeLinksFromLockfile: false

importers:

  .:
    dependencies:
      humps:
        specifier: ^2.0.1
        version: 2.0.1
    devDependencies:
      oxlint:
        specifier: ^1.65.0
        version: 1.68.0

packages:

  '@oxlint/binding-android-arm-eabi@1.68.0':
    resolution: {integrity: sha512-wEdsIspexXLLMCPAEOcCuFLMt6aE3AzTuA/nQKLPRnoJ+EQTturmGheDkhHuuVHx0GbutjQ3JKmEn+Gz6Ag28Q==}
    engines: {node: ^20.19.0 || >=22.12.0}
    cpu: [arm]
    os: [android]

  '@oxlint/binding-android-arm64@1.68.0':
    resolution: {integrity: sha512-6aZRNNXQTsYtgaus8HTb9nuCcsrQTlKXGnktwvwW0n/SooRWNxNb3925grDkC63aEYZuCIyOVLV16IdYIoC2aQ==}
    engines: {node: ^20.19.0 || >=22.12.0}
    cpu: [arm64]
    os: [android]

  '@oxlint/binding-darwin-arm64@1.68.0':
    resolution: {integrity: sha512-lVTbsE3kO4bLpZELgjRZuAJc8kP98wb83yMXWH8gaPaFZ+cM2IDeZto4ByoUAYj0Mxv2rvw+A1ssZequSepVSg==}
    engines: {node: ^20.19.0 || >=22.12.0}
    cpu: [arm64]
    os: [darwin]

  '@oxlint/binding-darwin-x64@1.68.0':
    resolution: {integrity: sha512-nCmw2XrmQskjBUh/sfP5yKs93V68LijQgjd1cuuZ/q4SCARngLYs60/qqyzuMsg8QQ9KArDI98hxs/RDGE4KRQ==}
    engines: {node: ^20.19.0 || >=22.12.0}
    cpu: [x64]
    os: [darwin]

  '@oxlint/binding-freebsd-x64@1.68.0':
    resolution: {integrity: sha512-TI4ovQJliYE9V6e06cEv+qEI9uj7Ao65fmif4er4HD+aouyYyh0P31q2jh3KtqsOHHcQqv2PZ61TjJFLpBDGWQ==}
    engines: {node: ^20.19.0 || >=22.12.0}
    cpu: [x64]
    os: [freebsd]

  '@oxlint/binding-linux-arm-gnueabihf@1.68.0':
    resolution: {integrity: sha512-LcNnEi9g71Cmry5ZpLbKT+oVv+/zYG3hYVAbBBB5X85nOQZSk8l92CnDkxJMcxUg0NCnMCOFZuaVDlMyv4tYJw==}
    engines: {node: ^20.19.0 || >=22.12.0}
    cpu: [arm]
    os: [linux]

  '@oxlint/binding-linux-arm-musleabihf@1.68.0':
    resolution: {integrity: sha512-OovHahL3FX4UaK+hgSf11llUx2vszqjSdQQ61Ck9InOEI/ptZoC4XSQJurITqItVvd53JSlmkLMeaNjM1PoQew==}
    engines: {node: ^20.19.0 || >=22.12.0}
    cpu: [arm]
    os: [linux]

  '@oxlint/binding-linux-arm64-gnu@1.68.0':
    resolution: {integrity: sha512-YbzTglnHLzzi9zv5or8Ztz5fykAoZE8W9iM42/bOrF4HBSB6rJTqdLQWuoP76EHQw9DuKl76K1QmFlG29sPJXQ==}
    engines: {node: ^20.19.0 || >=22.12.0}
    cpu: [arm64]
    os: [linux]
    libc: [glibc]

  '@oxlint/binding-linux-arm64-musl@1.68.0':
    resolution: {integrity: sha512-qVKtCZNic+OoNnOr/hCQAu22HSQzflI7Fsq/Blzkw02SnLuv163k3kfmrVpZjSBlUHgsRKj6WgQiw30d3SX02Q==}
    engines: {node: ^20.19.0 || >=22.12.0}
    cpu: [arm64]
    os: [linux]
    libc: [musl]

  '@oxlint/binding-linux-ppc64-gnu@1.68.0':
    resolution: {integrity: sha512-zExyZ8ZOUuAyQ0y9jpTcyjKUz62YY9JhKPyVxzvjTpXzZ3ujdqiVwfPWDdnA1SsIOrxdtxHn7KErDHLWskFjXg==}
    engines: {node: ^20.19.0 || >=22.12.0}
    cpu: [ppc64]
    os: [linux]
    libc: [glibc]

  '@oxlint/binding-linux-riscv64-gnu@1.68.0':
    resolution: {integrity: sha512-6C4MPuwewyDavA7sxM14wzgRi5GGL68HPIxRCdVyS75U4MDbpFVYzKO9WNR6KLKTMPq2pcz3THwo1sK2uiqngw==}
    engines: {node: ^20.19.0 || >=22.12.0}
    cpu: [riscv64]
    os: [linux]
    libc: [glibc]

  '@oxlint/binding-linux-riscv64-musl@1.68.0':
    resolution: {integrity: sha512-bnZooVeHAcvA+dH0EDLgx+7HY/DRi6e0hFszg3P+OBatuUjV6EvfIyNIzWOusmqAVh4L6r21GGTZtiKE4iqM4Q==}
    engines: {node: ^20.19.0 || >=22.12.0}
    cpu: [riscv64]
    os: [linux]
    libc: [musl]

  '@oxlint/binding-linux-s390x-gnu@1.68.0':
    resolution: {integrity: sha512-dIqnZnJSmHCMOUpUcWQOiV14o3DDPVx1DSsMaSzvdhNjC1tB1iEPZbdiMSCIEYbkgbsYznHXWqFdKL8WUB3F8g==}
    engines: {node: ^20.19.0 || >=22.12.0}
    cpu: [s390x]
    os: [linux]
    libc: [glibc]

  '@oxlint/binding-linux-x64-gnu@1.68.0':
    resolution: {integrity: sha512-zc9lEnfV/HreDTY6gdMlZe+irkwHSxQ4/B1pS9GyK7RVaA5LxhoZY/w6/o2vIwLLEYiXQ5ujGxOM1ZazeFAAIA==}
    engines: {node: ^20.19.0 || >=22.12.0}
    cpu: [x64]
    os: [linux]
    libc: [glibc]

  '@oxlint/binding-linux-x64-musl@1.68.0':
    resolution: {integrity: sha512-Dl5QEX0TCo/40Cdh1o1JdPS//+YiWqjC+Hrrya5OQmStZZr4svAFtdlqcpCrU9yq2Mo3vRVyO9B3h0dzD8s36Q==}
    engines: {node: ^20.19.0 || >=22.12.0}
    cpu: [x64]
    os: [linux]
    libc: [musl]

  '@oxlint/binding-openharmony-arm64@1.68.0':
    resolution: {integrity: sha512-/qy6dOvi4S3/LeXq0l5BT5pRKPYA7oj3uKwJOAZOr5HRLL+HK6jdBynvWuXIA2wwfE01RzNYmbBdM7vwYx00sA==}
    engines: {node: ^20.19.0 || >=22.12.0}
    cpu: [arm64]
    os: [openharmony]

  '@oxlint/binding-win32-arm64-msvc@1.68.0':
    resolution: {integrity: sha512-fHNtVqPHSYE7UFDSLVFUjxQjnSVXxseNJmRW+XuP4pXXDwePdPda43NL7/BBCFTxHjycOc44JNDaOPtFDNui9A==}
    engines: {node: ^20.19.0 || >=22.12.0}
    cpu: [arm64]
    os: [win32]

  '@oxlint/binding-win32-ia32-msvc@1.68.0':
    resolution: {integrity: sha512-NnKXr4Wgo4nps3erhrE0f8shBvBPZMHg72nDsvX0JyrRvsNiP3f1JNvbCKh+A6VFvpF7ZoJxu904P3cKMhvZnA==}
    engines: {node: ^20.19.0 || >=22.12.0}
    cpu: [ia32]
    os: [win32]

  '@oxlint/binding-win32-x64-msvc@1.68.0':
    resolution: {integrity: sha512-zg5pA+84AlU6XHJ3ruiRxziO71QTrz8nLsk6u01JGS5+tL9/bnlakFiklFrcy4R1/V7ktWtaNitN3JZWmKnf6g==}
    engines: {node: ^20.19.0 || >=22.12.0}
    cpu: [x64]
    os: [win32]

  humps@2.0.1:
    resolution: {integrity: sha512-E0eIbrFWUhwfXJmsbdjRQFQPrl5pTEoKlz163j1mTqqUnU9PgR4AgB8AIITzuB3vLBdxZXyZ9TDIrwB2OASz4g==}

  oxlint@1.68.0:
    resolution: {integrity: sha512-dXcbq+xsmLrMy6T8d0euf3IYUfLmjHIE11pOxiUSi5LHkFZaYPv568R6sEjcavVpUxoaQe66UBuK4HEi74NxpA==}
    engines: {node: ^20.19.0 || >=22.12.0}
    hasBin: true
    peerDependencies:
      oxlint-tsgolint: '>=0.22.1'
      vite-plus: '*'
    peerDependenciesMeta:
      oxlint-tsgolint:
        optional: true
      vite-plus:
        optional: true

snapshots:

  '@oxlint/binding-android-arm-eabi@1.68.0':
    optional: true

  '@oxlint/binding-android-arm64@1.68.0':
    optional: true

  '@oxlint/binding-darwin-arm64@1.68.0':
    optional: true

  '@oxlint/binding-darwin-x64@1.68.0':
    optional: true

  '@oxlint/binding-freebsd-x64@1.68.0':
    optional: true

  '@oxlint/binding-linux-arm-gnueabihf@1.68.0':
    optional: true

  '@oxlint/binding-linux-arm-musleabihf@1.68.0':
    optional: true

  '@oxlint/binding-linux-arm64-gnu@1.68.0':
    optional: true

  '@oxlint/binding-linux-arm64-musl@1.68.0':
    optional: true

  '@oxlint/binding-linux-ppc64-gnu@1.68.0':
    optional: true

  '@oxlint/binding-linux-riscv64-gnu@1.68.0':
    optional: true

  '@oxlint/binding-linux-riscv64-musl@1.68.0':
    optional: true

  '@oxlint/binding-linux-s390x-gnu@1.68.0':
    optional: true

  '@oxlint/binding-linux-x64-gnu@1.68.0':
    optional: true

  '@oxlint/binding-linux-x64-musl@1.68.0':
    optional: true

  '@oxlint/binding-openharmony-arm64@1.68.0':
    optional: true

  '@oxlint/binding-win32-arm64-msvc@1.68.0':
    optional: true

  '@oxlint/binding-win32-ia32-msvc@1.68.0':
    optional: true

  '@oxlint/binding-win32-x64-msvc@1.68.0':
    optional: true

  humps@2.0.1: {}

  oxlint@1.68.0:
    optionalDependencies:
      '@oxlint/binding-android-arm-eabi': 1.68.0
      '@oxlint/binding-android-arm64': 1.68.0
      '@oxlint/binding-darwin-arm64': 1.68.0
      '@oxlint/binding-darwin-x64': 1.68.0
      '@oxlint/binding-freebsd-x64': 1.68.0
      '@oxlint/binding-linux-arm-gnueabihf': 1.68.0
      '@oxlint/binding-linux-arm-musleabihf': 1.68.0
      '@oxlint/binding-linux-arm64-gnu': 1.68.0
      '@oxlint/binding-linux-arm64-musl': 1.68.0
      '@oxlint/binding-linux-ppc64-gnu': 1.68.0
      '@oxlint/binding-linux-riscv64-gnu': 1.68.0
      '@oxlint/binding-linux-riscv64-musl': 1.68.0
      '@oxlint/binding-linux-s390x-gnu': 1.68.0
      '@oxlint/binding-linux-x64-gnu': 1.68.0
      '@oxlint/binding-linux-x64-musl': 1.68.0
      '@oxlint/binding-openharmony-arm64': 1.68.0
      '@oxlint/binding-win32-arm64-msvc': 1.68.0
      '@oxlint/binding-win32-ia32-msvc': 1.68.0
      '@oxlint/binding-win32-x64-msvc': 1.68.0
